
Microsoft Visual Studio Solution File, Format Version 12.00
# Visual Studio Version 17
VisualStudioVersion = 17.0.32014.148
MinimumVisualStudioVersion = 10.0.40219.1
Project("{9A19103F-16F7-4668-BE54-9A1E7A4F7556}") = "TimeClock.api", "TimeClock.api.csproj", "{79DFD094-9906-4BD9-AD36-C060A9F59549}"
EndProject
Project("{9A19103F-16F7-4668-BE54-9A1E7A4F7556}") = "TimeClockLibrary", "..\ClockinLibrary\ClockinLibrary\TimeClockLibrary.csproj", "{2EC5E5F5-A586-47B3-8790-4F355D0552F2}"
EndProject
Project("{9A19103F-16F7-4668-BE54-9A1E7A4F7556}") = "TimeClock", "..\Clockiin\Clockiin\TimeClock.csproj", "{E413064E-00EC-471B-BB2B-8D3DDE948081}"
EndProject
Global
	GlobalSection(SolutionConfigurationPlatforms) = preSolution
		Debug|Any CPU = Debug|Any CPU
		Release|Any CPU = Release|Any CPU
	EndGlobalSection
	GlobalSection(ProjectConfigurationPlatforms) = postSolution
		{79DFD094-9906-4BD9-AD36-C060A9F59549}.Debug|Any CPU.ActiveCfg = Debug|Any CPU
		{79DFD094-9906-4BD9-AD36-C060A9F59549}.Debug|Any CPU.Build.0 = Debug|Any CPU
		{79DFD094-9906-4BD9-AD36-C060A9F59549}.Release|Any CPU.ActiveCfg = Release|Any CPU
		{79DFD094-9906-4BD9-AD36-C060A9F59549}.Release|Any CPU.Build.0 = Release|Any CPU
		{2EC5E5F5-A586-47B3-8790-4F355D0552F2}.Debug|Any CPU.ActiveCfg = Debug|Any CPU
		{2EC5E5F5-A586-47B3-8790-4F355D0552F2}.Debug|Any CPU.Build.0 = Debug|Any CPU
		{2EC5E5F5-A586-47B3-8790-4F355D0552F2}.Release|Any CPU.ActiveCfg = Release|Any CPU
		{2EC5E5F5-A586-47B3-8790-4F355D0552F2}.Release|Any CPU.Build.0 = Release|Any CPU
		{E413064E-00EC-471B-BB2B-8D3DDE948081}.Debug|Any CPU.ActiveCfg = Debug|Any CPU
		{E413064E-00EC-471B-BB2B-8D3DDE948081}.Debug|Any CPU.Build.0 = Debug|Any CPU
		{E413064E-00EC-471B-BB2B-8D3DDE948081}.Release|Any CPU.ActiveCfg = Release|Any CPU
		{E413064E-00EC-471B-BB2B-8D3DDE948081}.Release|Any CPU.Build.0 = Release|Any CPU
	EndGlobalSection
	GlobalSection(SolutionProperties) = preSolution
		HideSolutionNode = FALSE
	EndGlobalSection
	GlobalSection(ExtensibilityGlobals) = postSolution
		SolutionGuid = {E3472EAE-B87E-45B4-9D82-72721DD5742A}
	EndGlobalSection
EndGlobal
